// !$*UTF8*$!
{
	archiveVersion = 1;
	classes = {
	};
	objectVersion = 46;
	objects = {

/* Begin PBXBuildFile section */
		843F1B1E195FFF8800F8E94D /* Foundation.framework in Frameworks */ = {isa = PBXBuildFile; fileRef = 843F1B1D195FFF8800F8E94D /* Foundation.framework */; };
		843F1B20195FFF8800F8E94D /* CoreGraphics.framework in Frameworks */ = {isa = PBXBuildFile; fileRef = 843F1B1F195FFF8800F8E94D /* CoreGraphics.framework */; };
		843F1B22195FFF8800F8E94D /* UIKit.framework in Frameworks */ = {isa = PBXBuildFile; fileRef = 843F1B21195FFF8800F8E94D /* UIKit.framework */; };
		843F1B28195FFF8800F8E94D /* InfoPlist.strings in Resources */ = {isa = PBXBuildFile; fileRef = 843F1B26195FFF8800F8E94D /* InfoPlist.strings */; };
		843F1B2A195FFF8800F8E94D /* main.m in Sources */ = {isa = PBXBuildFile; fileRef = 843F1B29195FFF8800F8E94D /* main.m */; };
		843F1B2E195FFF8800F8E94D /* LBAppDelegate.m in Sources */ = {isa = PBXBuildFile; fileRef = 843F1B2D195FFF8800F8E94D /* LBAppDelegate.m */; };
		843F1B31195FFF8800F8E94D /* Main.storyboard in Resources */ = {isa = PBXBuildFile; fileRef = 843F1B2F195FFF8800F8E94D /* Main.storyboard */; };
		843F1B34195FFF8800F8E94D /* LBViewController.m in Sources */ = {isa = PBXBuildFile; fileRef = 843F1B33195FFF8800F8E94D /* LBViewController.m */; };
		843F1B36195FFF8800F8E94D /* Images.xcassets in Resources */ = {isa = PBXBuildFile; fileRef = 843F1B35195FFF8800F8E94D /* Images.xcassets */; };
		843F1B3D195FFF8800F8E94D /* XCTest.framework in Frameworks */ = {isa = PBXBuildFile; fileRef = 843F1B3C195FFF8800F8E94D /* XCTest.framework */; };
		843F1B3E195FFF8800F8E94D /* Foundation.framework in Frameworks */ = {isa = PBXBuildFile; fileRef = 843F1B1D195FFF8800F8E94D /* Foundation.framework */; };
		843F1B3F195FFF8800F8E94D /* UIKit.framework in Frameworks */ = {isa = PBXBuildFile; fileRef = 843F1B21195FFF8800F8E94D /* UIKit.framework */; };
		843F1B47195FFF8800F8E94D /* InfoPlist.strings in Resources */ = {isa = PBXBuildFile; fileRef = 843F1B45195FFF8800F8E94D /* InfoPlist.strings */; };
		843F1B49195FFF8800F8E94D /* LBStarRatingViewTests.m in Sources */ = {isa = PBXBuildFile; fileRef = 843F1B48195FFF8800F8E94D /* LBStarRatingViewTests.m */; };
/* End PBXBuildFile section */

/* Begin PBXContainerItemProxy section */
		843F1B40195FFF8800F8E94D /* PBXContainerItemProxy */ = {
			isa = PBXContainerItemProxy;
			containerPortal = 843F1B12195FFF8800F8E94D /* Project object */;
			proxyType = 1;
			remoteGlobalIDString = 843F1B19195FFF8800F8E94D;
			remoteInfo = LBStarRatingView;
		};
/* End PBXContainerItemProxy section */

/* Begin PBXFileReference section */
		843F1B1A195FFF8800F8E94D /* LBStarRatingView.app */ = {isa = PBXFileReference; explicitFileType = wrapper.application; includeInIndex = 0; path = LBStarRatingView.app; sourceTree = BUILT_PRODUCTS_DIR; };
		843F1B1D195FFF8800F8E94D /* Foundation.framework */ = {isa = PBXFileReference; lastKnownFileType = wrapper.framework; name = Foundation.framework; path = System/Library/Frameworks/Foundation.framework; sourceTree = SDKROOT; };
		843F1B1F195FFF8800F8E94D /* CoreGraphics.framework */ = {isa = PBXFileReference; lastKnownFileType = wrapper.framework; name = CoreGraphics.framework; path = System/Library/Frameworks/CoreGraphics.framework; sourceTree = SDKROOT; };
		843F1B21195FFF8800F8E94D /* UIKit.framework */ = {isa = PBXFileReference; lastKnownFileType = wrapper.framework; name = UIKit.framework; path = System/Library/Frameworks/UIKit.framework; sourceTree = SDKROOT; };
		843F1B25195FFF8800F8E94D /* LBStarRatingView-Info.plist */ = {isa = PBXFileReference; lastKnownFileType = text.plist.xml; path = "LBStarRatingView-Info.plist"; sourceTree = "<group>"; };
		843F1B27195FFF8800F8E94D /* en */ = {isa = PBXFileReference; lastKnownFileType = text.plist.strings; name = en; path = en.lproj/InfoPlist.strings; sourceTree = "<group>"; };
		843F1B29195FFF8800F8E94D /* main.m */ = {isa = PBXFileReference; lastKnownFileType = sourcecode.c.objc; path = main.m; sourceTree = "<group>"; };
		843F1B2B195FFF8800F8E94D /* LBStarRatingView-Prefix.pch */ = {isa = PBXFileReference; lastKnownFileType = sourcecode.c.h; path = "LBStarRatingView-Prefix.pch"; sourceTree = "<group>"; };
		843F1B2C195FFF8800F8E94D /* LBAppDelegate.h */ = {isa = PBXFileReference; lastKnownFileType = sourcecode.c.h; path = LBAppDelegate.h; sourceTree = "<group>"; };
		843F1B2D195FFF8800F8E94D /* LBAppDelegate.m */ = {isa = PBXFileReference; lastKnownFileType = sourcecode.c.objc; path = LBAppDelegate.m; sourceTree = "<group>"; };
		843F1B30195FFF8800F8E94D /* Base */ = {isa = PBXFileReference; lastKnownFileType = file.storyboard; name = Base; path = Base.lproj/Main.storyboard; sourceTree = "<group>"; };
		843F1B32195FFF8800F8E94D /* LBViewController.h */ = {isa = PBXFileReference; lastKnownFileType = sourcecode.c.h; path = LBViewController.h; sourceTree = "<group>"; };
		843F1B33195FFF8800F8E94D /* LBViewController.m */ = {isa = PBXFileReference; lastKnownFileType = sourcecode.c.objc; path = LBViewController.m; sourceTree = "<group>"; };
		843F1B35195FFF8800F8E94D /* Images.xcassets */ = {isa = PBXFileReference; lastKnownFileType = folder.assetcatalog; path = Images.xcassets; sourceTree = "<group>"; };
		843F1B3B195FFF8800F8E94D /* LBStarRatingViewTests.xctest */ = {isa = PBXFileReference; explicitFileType = wrapper.cfbundle; includeInIndex = 0; path = LBStarRatingViewTests.xctest; sourceTree = BUILT_PRODUCTS_DIR; };
		843F1B3C195FFF8800F8E94D /* XCTest.framework */ = {isa = PBXFileReference; lastKnownFileType = wrapper.framework; name = XCTest.framework; path = Library/Frameworks/XCTest.framework; sourceTree = DEVELOPER_DIR; };
		843F1B44195FFF8800F8E94D /* LBStarRatingViewTests-Info.plist */ = {isa = PBXFileReference; lastKnownFileType = text.plist.xml; path = "LBStarRatingViewTests-Info.plist"; sourceTree = "<group>"; };
		843F1B46195FFF8800F8E94D /* en */ = {isa = PBXFileReference; lastKnownFileType = text.plist.strings; name = en; path = en.lproj/InfoPlist.strings; sourceTree = "<group>"; };
		843F1B48195FFF8800F8E94D /* LBStarRatingViewTests.m */ = {isa = PBXFileReference; lastKnownFileType = sourcecode.c.objc; path = LBStarRatingViewTests.m; sourceTree = "<group>"; };
/* End PBXFileReference section */

/* Begin PBXFrameworksBuildPhase section */
		843F1B17195FFF8800F8E94D /* Frameworks */ = {
			isa = PBXFrameworksBuildPhase;
			buildActionMask = 2147483647;
			files = (
				843F1B20195FFF8800F8E94D /* CoreGraphics.framework in Frameworks */,
				843F1B22195FFF8800F8E94D /* UIKit.framework in Frameworks */,
				843F1B1E195FFF8800F8E94D /* Foundation.framework in Frameworks */,
			);
			runOnlyForDeploymentPostprocessing = 0;
		};
		843F1B38195FFF8800F8E94D /* Frameworks */ = {
			isa = PBXFrameworksBuildPhase;
			buildActionMask = 2147483647;
			files = (
				843F1B3D195FFF8800F8E94D /* XCTest.framework in Frameworks */,
				843F1B3F195FFF8800F8E94D /* UIKit.framework in Frameworks */,
				843F1B3E195FFF8800F8E94D /* Foundation.framework in Frameworks */,
			);
			runOnlyForDeploymentPostprocessing = 0;
		};
/* End PBXFrameworksBuildPhase section */

/* Begin PBXGroup section */
		843F1B11195FFF8800F8E94D = {
			isa = PBXGroup;
			children = (
				843F1B23195FFF8800F8E94D /* LBStarRatingView */,
				843F1B42195FFF8800F8E94D /* LBStarRatingViewTests */,
				843F1B1C195FFF8800F8E94D /* Frameworks */,
				843F1B1B195FFF8800F8E94D /* Products */,
			);
			sourceTree = "<group>";
		};
		843F1B1B195FFF8800F8E94D /* Products */ = {
			isa = PBXGroup;
			children = (
				843F1B1A195FFF8800F8E94D /* LBStarRatingView.app */,
				843F1B3B195FFF8800F8E94D /* LBStarRatingViewTests.xctest */,
			);
			name = Products;
			sourceTree = "<group>";
		};
		843F1B1C195FFF8800F8E94D /* Frameworks */ = {
			isa = PBXGroup;
			children = (
				843F1B1D195FFF8800F8E94D /* Foundation.framework */,
				843F1B1F195FFF8800F8E94D /* CoreGraphics.framework */,
				843F1B21195FFF8800F8E94D /* UIKit.framework */,
				843F1B3C195FFF8800F8E94D /* XCTest.framework */,
			);
			name = Frameworks;
			sourceTree = "<group>";
		};
		843F1B23195FFF8800F8E94D /* LBStarRatingView */ = {
			isa = PBXGroup;
			children = (
				843F1B2C195FFF8800F8E94D /* LBAppDelegate.h */,
				843F1B2D195FFF8800F8E94D /* LBAppDelegate.m */,
				843F1B2F195FFF8800F8E94D /* Main.storyboard */,
				843F1B32195FFF8800F8E94D /* LBViewController.h */,
				843F1B33195FFF8800F8E94D /* LBViewController.m */,
				843F1B35195FFF8800F8E94D /* Images.xcassets */,
				843F1B24195FFF8800F8E94D /* Supporting Files */,
			);
			path = LBStarRatingView;
			sourceTree = "<group>";
		};
		843F1B24195FFF8800F8E94D /* Supporting Files */ = {
			isa = PBXGroup;
			children = (
				843F1B25195FFF8800F8E94D /* LBStarRatingView-Info.plist */,
				843F1B26195FFF8800F8E94D /* InfoPlist.strings */,
				843F1B29195FFF8800F8E94D /* main.m */,
				843F1B2B195FFF8800F8E94D /* LBStarRatingView-Prefix.pch */,
			);
			name = "Supporting Files";
			sourceTree = "<group>";
		};
		843F1B42195FFF8800F8E94D /* LBStarRatingViewTests */ = {
			isa = PBXGroup;
			children = (
				843F1B48195FFF8800F8E94D /* LBStarRatingViewTests.m */,
				843F1B43195FFF8800F8E94D /* Supporting Files */,
			);
			path = LBStarRatingViewTests;
			sourceTree = "<group>";
		};
		843F1B43195FFF8800F8E94D /* Supporting Files */ = {
			isa = PBXGroup;
			children = (
				843F1B44195FFF8800F8E94D /* LBStarRatingViewTests-Info.plist */,
				843F1B45195FFF8800F8E94D /* InfoPlist.strings */,
			);
			name = "Supporting Files";
			sourceTree = "<group>";
		};
/* End PBXGroup section */

/* Begin PBXNativeTarget section */
		843F1B19195FFF8800F8E94D /* LBStarRatingView */ = {
			isa = PBXNativeTarget;
			buildConfigurationList = 843F1B4C195FFF8800F8E94D /* Build configuration list for PBXNativeTarget "LBStarRatingView" */;
			buildPhases = (
				843F1B16195FFF8800F8E94D /* Sources */,
				843F1B17195FFF8800F8E94D /* Frameworks */,
				843F1B18195FFF8800F8E94D /* Resources */,
			);
			buildRules = (
			);
			dependencies = (
			);
			name = LBStarRatingView;
			productName = LBStarRatingView;
			productReference = 843F1B1A195FFF8800F8E94D /* LBStarRatingView.app */;
			productType = "com.apple.product-type.application";
		};
		843F1B3A195FFF8800F8E94D /* LBStarRatingViewTests */ = {
			isa = PBXNativeTarget;
			buildConfigurationList = 843F1B4F195FFF8800F8E94D /* Build configuration list for PBXNativeTarget "LBStarRatingViewTests" */;
			buildPhases = (
				843F1B37195FFF8800F8E94D /* Sources */,
				843F1B38195FFF8800F8E94D /* Frameworks */,
				843F1B39195FFF8800F8E94D /* Resources */,
			);
			buildRules = (
			);
			dependencies = (
				843F1B41195FFF8800F8E94D /* PBXTargetDependency */,
			);
			name = LBStarRatingViewTests;
			productName = LBStarRatingViewTests;
			productReference = 843F1B3B195FFF8800F8E94D /* LBStarRatingViewTests.xctest */;
			productType = "com.apple.product-type.bundle.unit-test";
		};
/* End PBXNativeTarget section */

/* Begin PBXProject section */
		843F1B12195FFF8800F8E94D /* Project object */ = {
			isa = PBXProject;
			attributes = {
				CLASSPREFIX = LB;
				LastUpgradeCheck = 0510;
				ORGANIZATIONNAME = Labin;
				TargetAttributes = {
					843F1B3A195FFF8800F8E94D = {
						TestTargetID = 843F1B19195FFF8800F8E94D;
					};
				};
			};
			buildConfigurationList = 843F1B15195FFF8800F8E94D /* Build configuration list for PBXProject "LBStarRatingView" */;
			compatibilityVersion = "Xcode 3.2";
			developmentRegion = English;
			hasScannedForEncodings = 0;
			knownRegions = (
				en,
				Base,
			);
			mainGroup = 843F1B11195FFF8800F8E94D;
			productRefGroup = 843F1B1B195FFF8800F8E94D /* Products */;
			projectDirPath = "";
			projectRoot = "";
			targets = (
				843F1B19195FFF8800F8E94D /* LBStarRatingView */,
				843F1B3A195FFF8800F8E94D /* LBStarRatingViewTests */,
			);
		};
/* End PBXProject section */

/* Begin PBXResourcesBuildPhase section */
		843F1B18195FFF8800F8E94D /* Resources */ = {
			isa = PBXResourcesBuildPhase;
			buildActionMask = 2147483647;
			files = (
				843F1B36195FFF8800F8E94D /* Images.xcassets in Resources */,
				843F1B28195FFF8800F8E94D /* InfoPlist.strings in Resources */,
				843F1B31195FFF8800F8E94D /* Main.storyboard in Resources */,
			);
			runOnlyForDeploymentPostprocessing = 0;
		};
		843F1B39195FFF8800F8E94D /* Resources */ = {
			isa = PBXResourcesBuildPhase;
			buildActionMask = 2147483647;
			files = (
				843F1B47195FFF8800F8E94D /* InfoPlist.strings in Resources */,
			);
			runOnlyForDeploymentPostprocessing = 0;
		};
/* End PBXResourcesBuildPhase section */

/* Begin PBXSourcesBuildPhase section */
		843F1B16195FFF8800F8E94D /* Sources */ = {
			isa = PBXSourcesBuildPhase;
			buildActionMask = 2147483647;
			files = (
				843F1B2E195FFF8800F8E94D /* LBAppDelegate.m in Sources */,
				843F1B2A195FFF8800F8E94D /* main.m in Sources */,
				843F1B34195FFF8800F8E94D /* LBViewController.m in Sources */,
			);
			runOnlyForDeploymentPostprocessing = 0;
		};
		843F1B37195FFF8800F8E94D /* Sources */ = {
			isa = PBXSourcesBuildPhase;
			buildActionMask = 2147483647;
			files = (
				843F1B49195FFF8800F8E94D /* LBStarRatingViewTests.m in Sources */,
			);
			runOnlyForDeploymentPostprocessing = 0;
		};
/* End PBXSourcesBuildPhase section */

/* Begin PBXTargetDependency section */
		843F1B41195FFF8800F8E94D /* PBXTargetDependency */ = {
			isa = PBXTargetDependency;
			target = 843F1B19195FFF8800F8E94D /* LBStarRatingView */;
			targetProxy = 843F1B40195FFF8800F8E94D /* PBXContainerItemProxy */;
		};
/* End PBXTargetDependency section */

/* Begin PBXVariantGroup section */
		843F1B26195FFF8800F8E94D /* InfoPlist.strings */ = {
			isa = PBXVariantGroup;
			children = (
				843F1B27195FFF8800F8E94D /* en */,
			);
			name = InfoPlist.strings;
			sourceTree = "<group>";
		};
		843F1B2F195FFF8800F8E94D /* Main.storyboard */ = {
			isa = PBXVariantGroup;
			children = (
				843F1B30195FFF8800F8E94D /* Base */,
			);
			name = Main.storyboard;
			sourceTree = "<group>";
		};
		843F1B45195FFF8800F8E94D /* InfoPlist.strings */ = {
			isa = PBXVariantGroup;
			children = (
				843F1B46195FFF8800F8E94D /* en */,
			);
			name = InfoPlist.strings;
			sourceTree = "<group>";
		};
/* End PBXVariantGroup section */

/* Begin XCBuildConfiguration section */
		843F1B4A195FFF8800F8E94D /* Debug */ = {
			isa = XCBuildConfiguration;
			buildSettings = {
				ALWAYS_SEARCH_USER_PATHS = NO;
				CLANG_CXX_LANGUAGE_STANDARD = "gnu++0x";
				CLANG_CXX_LIBRARY = "libc++";
				CLANG_ENABLE_MODULES = YES;
				CLANG_ENABLE_OBJC_ARC = YES;
				CLANG_WARN_BOOL_CONVERSION = YES;
				CLANG_WARN_CONSTANT_CONVERSION = YES;
				CLANG_WARN_DIRECT_OBJC_ISA_USAGE = YES_ERROR;
				CLANG_WARN_EMPTY_BODY = YES;
				CLANG_WARN_ENUM_CONVERSION = YES;
				CLANG_WARN_INT_CONVERSION = YES;
				CLANG_WARN_OBJC_ROOT_CLASS = YES_ERROR;
				CLANG_WARN__DUPLICATE_METHOD_MATCH = YES;
				"CODE_SIGN_IDENTITY[sdk=iphoneos*]" = "iPhone Developer";
				COPY_PHASE_STRIP = NO;
				GCC_C_LANGUAGE_STANDARD = gnu99;
				GCC_DYNAMIC_NO_PIC = NO;
				GCC_OPTIMIZATION_LEVEL = 0;
				GCC_PREPROCESSOR_DEFINITIONS = (
					"DEBUG=1",
					"$(inherited)",
				);
				GCC_SYMBOLS_PRIVATE_EXTERN = NO;
				GCC_WARN_64_TO_32_BIT_CONVERSION = YES;
				GCC_WARN_ABOUT_RETURN_TYPE = YES_ERROR;
				GCC_WARN_UNDECLARED_SELECTOR = YES;
				GCC_WARN_UNINITIALIZED_AUTOS = YES_AGGRESSIVE;
				GCC_WARN_UNUSED_FUNCTION = YES;
				GCC_WARN_UNUSED_VARIABLE = YES;
				IPHONEOS_DEPLOYMENT_TARGET = 7.1;
				ONLY_ACTIVE_ARCH = YES;
				SDKROOT = iphoneos;
			};
			name = Debug;
		};
		843F1B4B195FFF8800F8E94D /* Release */ = {
			isa = XCBuildConfiguration;
			buildSettings = {
				ALWAYS_SEARCH_USER_PATHS = NO;
				CLANG_CXX_LANGUAGE_STANDARD = "gnu++0x";
				CLANG_CXX_LIBRARY = "libc++";
				CLANG_ENABLE_MODULES = YES;
				CLANG_ENABLE_OBJC_ARC = YES;
				CLANG_WARN_BOOL_CONVERSION = YES;
				CLANG_WARN_CONSTANT_CONVERSION = YES;
				CLANG_WARN_DIRECT_OBJC_ISA_USAGE = YES_ERROR;
				CLANG_WARN_EMPTY_BODY = YES;
				CLANG_WARN_ENUM_CONVERSION = YES;
				CLANG_WARN_INT_CONVERSION = YES;
				CLANG_WARN_OBJC_ROOT_CLASS = YES_ERROR;
				CLANG_WARN__DUPLICATE_METHOD_MATCH = YES;
				"CODE_SIGN_IDENTITY[sdk=iphoneos*]" = "iPhone Developer";
				COPY_PHASE_STRIP = YES;
				ENABLE_NS_ASSERTIONS = NO;
				GCC_C_LANGUAGE_STANDARD = gnu99;
				GCC_WARN_64_TO_32_BIT_CONVERSION = YES;
				GCC_WARN_ABOUT_RETURN_TYPE = YES_ERROR;
				GCC_WARN_UNDECLARED_SELECTOR = YES;
				GCC_WARN_UNINITIALIZED_AUTOS = YES_AGGRESSIVE;
				GCC_WARN_UNUSED_FUNCTION = YES;
				GCC_WARN_UNUSED_VARIABLE = YES;
				IPHONEOS_DEPLOYMENT_TARGET = 7.1;
				SDKROOT = iphoneos;
				VALIDATE_PRODUCT = YES;
			};
			name = Release;
		};
		843F1B4D195FFF8800F8E94D /* Debug */ = {
			isa = XCBuildConfiguration;
			buildSettings = {
				ASSETCATALOG_COMPILER_APPICON_NAME = AppIcon;
				ASSETCATALOG_COMPILER_LAUNCHIMAGE_NAME = LaunchImage;
				GCC_PRECOMPILE_PREFIX_HEADER = YES;
				GCC_PREFIX_HEADER = "LBStarRatingView/LBStarRatingView-Prefix.pch";
				INFOPLIST_FILE = "LBStarRatingView/LBStarRatingView-Info.plist";
				PRODUCT_NAME = "$(TARGET_NAME)";
				WRAPPER_EXTENSION = app;
			};
			name = Debug;
		};
		843F1B4E195FFF8800F8E94D /* Release */ = {
			isa = XCBuildConfiguration;
			buildSettings = {
				ASSETCATALOG_COMPILER_APPICON_NAME = AppIcon;
				ASSETCATALOG_COMPILER_LAUNCHIMAGE_NAME = LaunchImage;
				GCC_PRECOMPILE_PREFIX_HEADER = YES;
				GCC_PREFIX_HEADER = "LBStarRatingView/LBStarRatingView-Prefix.pch";
				INFOPLIST_FILE = "LBStarRatingView/LBStarRatingView-Info.plist";
				PRODUCT_NAME = "$(TARGET_NAME)";
				WRAPPER_EXTENSION = app;
			};
			name = Release;
		};
		843F1B50195FFF8800F8E94D /* Debug */ = {
			isa = XCBuildConfiguration;
			buildSettings = {
				BUNDLE_LOADER = "$(BUILT_PRODUCTS_DIR)/LBStarRatingView.app/LBStarRatingView";
				FRAMEWORK_SEARCH_PATHS = (
					"$(SDKROOT)/Developer/Library/Frameworks",
					"$(inherited)",
					"$(DEVELOPER_FRAMEWORKS_DIR)",
				);
				GCC_PRECOMPILE_PREFIX_HEADER = YES;
				GCC_PREFIX_HEADER = "LBStarRatingView/LBStarRatingView-Prefix.pch";
				GCC_PREPROCESSOR_DEFINITIONS = (
					"DEBUG=1",
					"$(inherited)",
				);
				INFOPLIST_FILE = "LBStarRatingViewTests/LBStarRatingViewTests-Info.plist";
				PRODUCT_NAME = "$(TARGET_NAME)";
				TEST_HOST = "$(BUNDLE_LOADER)";
				WRAPPER_EXTENSION = xctest;
			};
			name = Debug;
		};
		843F1B51195FFF8800F8E94D /* Release */ = {
			isa = XCBuildConfiguration;
			buildSettings = {
				BUNDLE_LOADER = "$(BUILT_PRODUCTS_DIR)/LBStarRatingView.app/LBStarRatingView";
				FRAMEWORK_SEARCH_PATHS = (
					"$(SDKROOT)/Developer/Library/Frameworks",
					"$(inherited)",
					"$(DEVELOPER_FRAMEWORKS_DIR)",
				);
				GCC_PRECOMPILE_PREFIX_HEADER = YES;
				GCC_PREFIX_HEADER = "LBStarRatingView/LBStarRatingView-Prefix.pch";
				INFOPLIST_FILE = "LBStarRatingViewTests/LBStarRatingViewTests-Info.plist";
				PRODUCT_NAME = "$(TARGET_NAME)";
				TEST_HOST = "$(BUNDLE_LOADER)";
				WRAPPER_EXTENSION = xctest;
			};
			name = Release;
		};
/* End XCBuildConfiguration section */

/* Begin XCConfigurationList section */
		843F1B15195FFF8800F8E94D /* Build configuration list for PBXProject "LBStarRatingView" */ = {
			isa = XCConfigurationList;
			buildConfigurations = (
				843F1B4A195FFF8800F8E94D /* Debug */,
				843F1B4B195FFF8800F8E94D /* Release */,
			);
			defaultConfigurationIsVisible = 0;
			defaultConfigurationName = Release;
		};
		843F1B4C195FFF8800F8E94D /* Build configuration list for PBXNativeTarget "LBStarRatingView" */ = {
			isa = XCConfigurationList;
			buildConfigurations = (
				843F1B4D195FFF8800F8E94D /* Debug */,
				843F1B4E195FFF8800F8E94D /* Release */,
			);
			defaultConfigurationIsVisible = 0;
		};
		843F1B4F195FFF8800F8E94D /* Build configuration list for PBXNativeTarget "LBStarRatingViewTests" */ = {
			isa = XCConfigurationList;
			buildConfigurations = (
				843F1B50195FFF8800F8E94D /* Debug */,
				843F1B51195FFF8800F8E94D /* Release */,
			);
			defaultConfigurationIsVisible = 0;
		};
/* End XCConfigurationList section */
	};
	rootObject = 843F1B12195FFF8800F8E94D /* Project object */;
}
